
Microsoft Visual Studio Solution File, Format Version 12.00
# Visual Studio Version 17
Project("{8BC9CEB8-8B4A-11D0-8D11-00A0C91BC942}") = "ALL_BUILD", "ALL_BUILD.vcxproj", "{1ECB6E31-510E-3DA1-B113-B28A6C61C501}"
	ProjectSection(ProjectDependencies) = postProject
		{361AA96B-A1BB-3F8D-A0EA-CB5BED2A882E} = {361AA96B-A1BB-3F8D-A0EA-CB5BED2A882E}
		{E2DFA0D8-60F6-3276-81ED-C50988977ED5} = {E2DFA0D8-60F6-3276-81ED-C50988977ED5}
		{6AB1D5FF-05FD-3F5B-9D43-06746EB76273} = {6AB1D5FF-05FD-3F5B-9D43-06746EB76273}
		{4C49587A-AA40-310C-BCA8-7052148901B2} = {4C49587A-AA40-310C-BCA8-7052148901B2}
		{102E829A-30E0-36F4-946B-FEC31ED88493} = {102E829A-30E0-36F4-946B-FEC31ED88493}
	EndProjectSection
EndProject
Project("{8BC9CEB8-8B4A-11D0-8D11-00A0C91BC942}") = "INSTALL", "INSTALL.vcxproj", "{32E28834-C318-343A-9485-004845F11647}"
	ProjectSection(ProjectDependencies) = postProject
		{1ECB6E31-510E-3DA1-B113-B28A6C61C501} = {1ECB6E31-510E-3DA1-B113-B28A6C61C501}
		{361AA96B-A1BB-3F8D-A0EA-CB5BED2A882E} = {361AA96B-A1BB-3F8D-A0EA-CB5BED2A882E}
	EndProjectSection
EndProject
Project("{8BC9CEB8-8B4A-11D0-8D11-00A0C91BC942}") = "PACKAGE", "PACKAGE.vcxproj", "{46E4C94C-5516-3309-BD47-7A65F2468076}"
	ProjectSection(ProjectDependencies) = postProject
		{1ECB6E31-510E-3DA1-B113-B28A6C61C501} = {1ECB6E31-510E-3DA1-B113-B28A6C61C501}
		{361AA96B-A1BB-3F8D-A0EA-CB5BED2A882E} = {361AA96B-A1BB-3F8D-A0EA-CB5BED2A882E}
	EndProjectSection
EndProject
Project("{8BC9CEB8-8B4A-11D0-8D11-00A0C91BC942}") = "ZERO_CHECK", "ZERO_CHECK.vcxproj", "{361AA96B-A1BB-3F8D-A0EA-CB5BED2A882E}"
	ProjectSection(ProjectDependencies) = postProject
	EndProjectSection
EndProject
Project("{8BC9CEB8-8B4A-11D0-8D11-00A0C91BC942}") = "ktx", "ktx.vcxproj", "{E2DFA0D8-60F6-3276-81ED-C50988977ED5}"
	ProjectSection(ProjectDependencies) = postProject
		{361AA96B-A1BB-3F8D-A0EA-CB5BED2A882E} = {361AA96B-A1BB-3F8D-A0EA-CB5BED2A882E}
		{496AFBE4-75B3-3A90-9CE9-53FD485FFB34} = {496AFBE4-75B3-3A90-9CE9-53FD485FFB34}
		{4AFF113E-B5F7-3FC1-A4AA-E0705421C29C} = {4AFF113E-B5F7-3FC1-A4AA-E0705421C29C}
		{C76D6B5B-A44D-39EE-9E3E-0E8B1451B8B2} = {C76D6B5B-A44D-39EE-9E3E-0E8B1451B8B2}
	EndProjectSection
EndProject
Project("{8BC9CEB8-8B4A-11D0-8D11-00A0C91BC942}") = "ktx_read", "ktx_read.vcxproj", "{6AB1D5FF-05FD-3F5B-9D43-06746EB76273}"
	ProjectSection(ProjectDependencies) = postProject
		{361AA96B-A1BB-3F8D-A0EA-CB5BED2A882E} = {361AA96B-A1BB-3F8D-A0EA-CB5BED2A882E}
		{4AFF113E-B5F7-3FC1-A4AA-E0705421C29C} = {4AFF113E-B5F7-3FC1-A4AA-E0705421C29C}
		{C76D6B5B-A44D-39EE-9E3E-0E8B1451B8B2} = {C76D6B5B-A44D-39EE-9E3E-0E8B1451B8B2}
	EndProjectSection
EndProject
Project("{8BC9CEB8-8B4A-11D0-8D11-00A0C91BC942}") = "ktx_version", "ktx_version.vcxproj", "{496AFBE4-75B3-3A90-9CE9-53FD485FFB34}"
	ProjectSection(ProjectDependencies) = postProject
		{361AA96B-A1BB-3F8D-A0EA-CB5BED2A882E} = {361AA96B-A1BB-3F8D-A0EA-CB5BED2A882E}
	EndProjectSection
EndProject
Project("{8BC9CEB8-8B4A-11D0-8D11-00A0C91BC942}") = "makedfd2vk", "makedfd2vk.vcxproj", "{6F685A8F-93FE-360B-BA11-C48B0F7E49FC}"
	ProjectSection(ProjectDependencies) = postProject
		{361AA96B-A1BB-3F8D-A0EA-CB5BED2A882E} = {361AA96B-A1BB-3F8D-A0EA-CB5BED2A882E}
		{C76D6B5B-A44D-39EE-9E3E-0E8B1451B8B2} = {C76D6B5B-A44D-39EE-9E3E-0E8B1451B8B2}
	EndProjectSection
EndProject
Project("{8BC9CEB8-8B4A-11D0-8D11-00A0C91BC942}") = "makevkswitch", "makevkswitch.vcxproj", "{A4779BBB-A0C9-3AD9-A3DF-3FAF8C406227}"
	ProjectSection(ProjectDependencies) = postProject
		{361AA96B-A1BB-3F8D-A0EA-CB5BED2A882E} = {361AA96B-A1BB-3F8D-A0EA-CB5BED2A882E}
		{C76D6B5B-A44D-39EE-9E3E-0E8B1451B8B2} = {C76D6B5B-A44D-39EE-9E3E-0E8B1451B8B2}
	EndProjectSection
EndProject
Project("{8BC9CEB8-8B4A-11D0-8D11-00A0C91BC942}") = "mkvk", "mkvk.vcxproj", "{4AFF113E-B5F7-3FC1-A4AA-E0705421C29C}"
	ProjectSection(ProjectDependencies) = postProject
		{361AA96B-A1BB-3F8D-A0EA-CB5BED2A882E} = {361AA96B-A1BB-3F8D-A0EA-CB5BED2A882E}
		{6F685A8F-93FE-360B-BA11-C48B0F7E49FC} = {6F685A8F-93FE-360B-BA11-C48B0F7E49FC}
		{A4779BBB-A0C9-3AD9-A3DF-3FAF8C406227} = {A4779BBB-A0C9-3AD9-A3DF-3FAF8C406227}
		{C76D6B5B-A44D-39EE-9E3E-0E8B1451B8B2} = {C76D6B5B-A44D-39EE-9E3E-0E8B1451B8B2}
	EndProjectSection
EndProject
Project("{8BC9CEB8-8B4A-11D0-8D11-00A0C91BC942}") = "mkvkformatfiles", "mkvkformatfiles.vcxproj", "{C76D6B5B-A44D-39EE-9E3E-0E8B1451B8B2}"
	ProjectSection(ProjectDependencies) = postProject
		{361AA96B-A1BB-3F8D-A0EA-CB5BED2A882E} = {361AA96B-A1BB-3F8D-A0EA-CB5BED2A882E}
	EndProjectSection
EndProject
Project("{8BC9CEB8-8B4A-11D0-8D11-00A0C91BC942}") = "objUtil", "objUtil.vcxproj", "{4C49587A-AA40-310C-BCA8-7052148901B2}"
	ProjectSection(ProjectDependencies) = postProject
		{361AA96B-A1BB-3F8D-A0EA-CB5BED2A882E} = {361AA96B-A1BB-3F8D-A0EA-CB5BED2A882E}
	EndProjectSection
EndProject
Project("{8BC9CEB8-8B4A-11D0-8D11-00A0C91BC942}") = "obj_basisu_cbind", "interface\basisu_c_binding\obj_basisu_cbind.vcxproj", "{102E829A-30E0-36F4-946B-FEC31ED88493}"
	ProjectSection(ProjectDependencies) = postProject
		{361AA96B-A1BB-3F8D-A0EA-CB5BED2A882E} = {361AA96B-A1BB-3F8D-A0EA-CB5BED2A882E}
	EndProjectSection
EndProject
Global
	GlobalSection(SolutionConfigurationPlatforms) = preSolution
		Debug|x64 = Debug|x64
		Release|x64 = Release|x64
		MinSizeRel|x64 = MinSizeRel|x64
		RelWithDebInfo|x64 = RelWithDebInfo|x64
	EndGlobalSection
	GlobalSection(ProjectConfigurationPlatforms) = postSolution
		{1ECB6E31-510E-3DA1-B113-B28A6C61C501}.Debug|x64.ActiveCfg = Debug|x64
		{1ECB6E31-510E-3DA1-B113-B28A6C61C501}.Debug|x64.Build.0 = Debug|x64
		{1ECB6E31-510E-3DA1-B113-B28A6C61C501}.Release|x64.ActiveCfg = Release|x64
		{1ECB6E31-510E-3DA1-B113-B28A6C61C501}.Release|x64.Build.0 = Release|x64
		{1ECB6E31-510E-3DA1-B113-B28A6C61C501}.MinSizeRel|x64.ActiveCfg = MinSizeRel|x64
		{1ECB6E31-510E-3DA1-B113-B28A6C61C501}.MinSizeRel|x64.Build.0 = MinSizeRel|x64
		{1ECB6E31-510E-3DA1-B113-B28A6C61C501}.RelWithDebInfo|x64.ActiveCfg = RelWithDebInfo|x64
		{1ECB6E31-510E-3DA1-B113-B28A6C61C501}.RelWithDebInfo|x64.Build.0 = RelWithDebInfo|x64
		{32E28834-C318-343A-9485-004845F11647}.Debug|x64.ActiveCfg = Debug|x64
		{32E28834-C318-343A-9485-004845F11647}.Release|x64.ActiveCfg = Release|x64
		{32E28834-C318-343A-9485-004845F11647}.MinSizeRel|x64.ActiveCfg = MinSizeRel|x64
		{32E28834-C318-343A-9485-004845F11647}.RelWithDebInfo|x64.ActiveCfg = RelWithDebInfo|x64
		{46E4C94C-5516-3309-BD47-7A65F2468076}.Debug|x64.ActiveCfg = Debug|x64
		{46E4C94C-5516-3309-BD47-7A65F2468076}.Release|x64.ActiveCfg = Release|x64
		{46E4C94C-5516-3309-BD47-7A65F2468076}.MinSizeRel|x64.ActiveCfg = MinSizeRel|x64
		{46E4C94C-5516-3309-BD47-7A65F2468076}.RelWithDebInfo|x64.ActiveCfg = RelWithDebInfo|x64
		{361AA96B-A1BB-3F8D-A0EA-CB5BED2A882E}.Debug|x64.ActiveCfg = Debug|x64
		{361AA96B-A1BB-3F8D-A0EA-CB5BED2A882E}.Debug|x64.Build.0 = Debug|x64
		{361AA96B-A1BB-3F8D-A0EA-CB5BED2A882E}.Release|x64.ActiveCfg = Release|x64
		{361AA96B-A1BB-3F8D-A0EA-CB5BED2A882E}.Release|x64.Build.0 = Release|x64
		{361AA96B-A1BB-3F8D-A0EA-CB5BED2A882E}.MinSizeRel|x64.ActiveCfg = MinSizeRel|x64
		{361AA96B-A1BB-3F8D-A0EA-CB5BED2A882E}.MinSizeRel|x64.Build.0 = MinSizeRel|x64
		{361AA96B-A1BB-3F8D-A0EA-CB5BED2A882E}.RelWithDebInfo|x64.ActiveCfg = RelWithDebInfo|x64
		{361AA96B-A1BB-3F8D-A0EA-CB5BED2A882E}.RelWithDebInfo|x64.Build.0 = RelWithDebInfo|x64
		{E2DFA0D8-60F6-3276-81ED-C50988977ED5}.Debug|x64.ActiveCfg = Debug|x64
		{E2DFA0D8-60F6-3276-81ED-C50988977ED5}.Debug|x64.Build.0 = Debug|x64
		{E2DFA0D8-60F6-3276-81ED-C50988977ED5}.Release|x64.ActiveCfg = Release|x64
		{E2DFA0D8-60F6-3276-81ED-C50988977ED5}.Release|x64.Build.0 = Release|x64
		{E2DFA0D8-60F6-3276-81ED-C50988977ED5}.MinSizeRel|x64.ActiveCfg = MinSizeRel|x64
		{E2DFA0D8-60F6-3276-81ED-C50988977ED5}.MinSizeRel|x64.Build.0 = MinSizeRel|x64
		{E2DFA0D8-60F6-3276-81ED-C50988977ED5}.RelWithDebInfo|x64.ActiveCfg = RelWithDebInfo|x64
		{E2DFA0D8-60F6-3276-81ED-C50988977ED5}.RelWithDebInfo|x64.Build.0 = RelWithDebInfo|x64
		{6AB1D5FF-05FD-3F5B-9D43-06746EB76273}.Debug|x64.ActiveCfg = Debug|x64
		{6AB1D5FF-05FD-3F5B-9D43-06746EB76273}.Debug|x64.Build.0 = Debug|x64
		{6AB1D5FF-05FD-3F5B-9D43-06746EB76273}.Release|x64.ActiveCfg = Release|x64
		{6AB1D5FF-05FD-3F5B-9D43-06746EB76273}.Release|x64.Build.0 = Release|x64
		{6AB1D5FF-05FD-3F5B-9D43-06746EB76273}.MinSizeRel|x64.ActiveCfg = MinSizeRel|x64
		{6AB1D5FF-05FD-3F5B-9D43-06746EB76273}.MinSizeRel|x64.Build.0 = MinSizeRel|x64
		{6AB1D5FF-05FD-3F5B-9D43-06746EB76273}.RelWithDebInfo|x64.ActiveCfg = RelWithDebInfo|x64
		{6AB1D5FF-05FD-3F5B-9D43-06746EB76273}.RelWithDebInfo|x64.Build.0 = RelWithDebInfo|x64
		{496AFBE4-75B3-3A90-9CE9-53FD485FFB34}.Debug|x64.ActiveCfg = Debug|x64
		{496AFBE4-75B3-3A90-9CE9-53FD485FFB34}.Debug|x64.Build.0 = Debug|x64
		{496AFBE4-75B3-3A90-9CE9-53FD485FFB34}.Release|x64.ActiveCfg = Release|x64
		{496AFBE4-75B3-3A90-9CE9-53FD485FFB34}.Release|x64.Build.0 = Release|x64
		{496AFBE4-75B3-3A90-9CE9-53FD485FFB34}.MinSizeRel|x64.ActiveCfg = MinSizeRel|x64
		{496AFBE4-75B3-3A90-9CE9-53FD485FFB34}.MinSizeRel|x64.Build.0 = MinSizeRel|x64
		{496AFBE4-75B3-3A90-9CE9-53FD485FFB34}.RelWithDebInfo|x64.ActiveCfg = RelWithDebInfo|x64
		{496AFBE4-75B3-3A90-9CE9-53FD485FFB34}.RelWithDebInfo|x64.Build.0 = RelWithDebInfo|x64
		{6F685A8F-93FE-360B-BA11-C48B0F7E49FC}.Debug|x64.ActiveCfg = Debug|x64
		{6F685A8F-93FE-360B-BA11-C48B0F7E49FC}.Debug|x64.Build.0 = Debug|x64
		{6F685A8F-93FE-360B-BA11-C48B0F7E49FC}.Release|x64.ActiveCfg = Release|x64
		{6F685A8F-93FE-360B-BA11-C48B0F7E49FC}.Release|x64.Build.0 = Release|x64
		{6F685A8F-93FE-360B-BA11-C48B0F7E49FC}.MinSizeRel|x64.ActiveCfg = MinSizeRel|x64
		{6F685A8F-93FE-360B-BA11-C48B0F7E49FC}.MinSizeRel|x64.Build.0 = MinSizeRel|x64
		{6F685A8F-93FE-360B-BA11-C48B0F7E49FC}.RelWithDebInfo|x64.ActiveCfg = RelWithDebInfo|x64
		{6F685A8F-93FE-360B-BA11-C48B0F7E49FC}.RelWithDebInfo|x64.Build.0 = RelWithDebInfo|x64
		{A4779BBB-A0C9-3AD9-A3DF-3FAF8C406227}.Debug|x64.ActiveCfg = Debug|x64
		{A4779BBB-A0C9-3AD9-A3DF-3FAF8C406227}.Debug|x64.Build.0 = Debug|x64
		{A4779BBB-A0C9-3AD9-A3DF-3FAF8C406227}.Release|x64.ActiveCfg = Release|x64
		{A4779BBB-A0C9-3AD9-A3DF-3FAF8C406227}.Release|x64.Build.0 = Release|x64
		{A4779BBB-A0C9-3AD9-A3DF-3FAF8C406227}.MinSizeRel|x64.ActiveCfg = MinSizeRel|x64
		{A4779BBB-A0C9-3AD9-A3DF-3FAF8C406227}.MinSizeRel|x64.Build.0 = MinSizeRel|x64
		{A4779BBB-A0C9-3AD9-A3DF-3FAF8C406227}.RelWithDebInfo|x64.ActiveCfg = RelWithDebInfo|x64
		{A4779BBB-A0C9-3AD9-A3DF-3FAF8C406227}.RelWithDebInfo|x64.Build.0 = RelWithDebInfo|x64
		{4AFF113E-B5F7-3FC1-A4AA-E0705421C29C}.Debug|x64.ActiveCfg = Debug|x64
		{4AFF113E-B5F7-3FC1-A4AA-E0705421C29C}.Debug|x64.Build.0 = Debug|x64
		{4AFF113E-B5F7-3FC1-A4AA-E0705421C29C}.Release|x64.ActiveCfg = Release|x64
		{4AFF113E-B5F7-3FC1-A4AA-E0705421C29C}.Release|x64.Build.0 = Release|x64
		{4AFF113E-B5F7-3FC1-A4AA-E0705421C29C}.MinSizeRel|x64.ActiveCfg = MinSizeRel|x64
		{4AFF113E-B5F7-3FC1-A4AA-E0705421C29C}.MinSizeRel|x64.Build.0 = MinSizeRel|x64
		{4AFF113E-B5F7-3FC1-A4AA-E0705421C29C}.RelWithDebInfo|x64.ActiveCfg = RelWithDebInfo|x64
		{4AFF113E-B5F7-3FC1-A4AA-E0705421C29C}.RelWithDebInfo|x64.Build.0 = RelWithDebInfo|x64
		{C76D6B5B-A44D-39EE-9E3E-0E8B1451B8B2}.Debug|x64.ActiveCfg = Debug|x64
		{C76D6B5B-A44D-39EE-9E3E-0E8B1451B8B2}.Debug|x64.Build.0 = Debug|x64
		{C76D6B5B-A44D-39EE-9E3E-0E8B1451B8B2}.Release|x64.ActiveCfg = Release|x64
		{C76D6B5B-A44D-39EE-9E3E-0E8B1451B8B2}.Release|x64.Build.0 = Release|x64
		{C76D6B5B-A44D-39EE-9E3E-0E8B1451B8B2}.MinSizeRel|x64.ActiveCfg = MinSizeRel|x64
		{C76D6B5B-A44D-39EE-9E3E-0E8B1451B8B2}.MinSizeRel|x64.Build.0 = MinSizeRel|x64
		{C76D6B5B-A44D-39EE-9E3E-0E8B1451B8B2}.RelWithDebInfo|x64.ActiveCfg = RelWithDebInfo|x64
		{C76D6B5B-A44D-39EE-9E3E-0E8B1451B8B2}.RelWithDebInfo|x64.Build.0 = RelWithDebInfo|x64
		{4C49587A-AA40-310C-BCA8-7052148901B2}.Debug|x64.ActiveCfg = Debug|x64
		{4C49587A-AA40-310C-BCA8-7052148901B2}.Debug|x64.Build.0 = Debug|x64
		{4C49587A-AA40-310C-BCA8-7052148901B2}.Release|x64.ActiveCfg = Release|x64
		{4C49587A-AA40-310C-BCA8-7052148901B2}.Release|x64.Build.0 = Release|x64
		{4C49587A-AA40-310C-BCA8-7052148901B2}.MinSizeRel|x64.ActiveCfg = MinSizeRel|x64
		{4C49587A-AA40-310C-BCA8-7052148901B2}.MinSizeRel|x64.Build.0 = MinSizeRel|x64
		{4C49587A-AA40-310C-BCA8-7052148901B2}.RelWithDebInfo|x64.ActiveCfg = RelWithDebInfo|x64
		{4C49587A-AA40-310C-BCA8-7052148901B2}.RelWithDebInfo|x64.Build.0 = RelWithDebInfo|x64
		{102E829A-30E0-36F4-946B-FEC31ED88493}.Debug|x64.ActiveCfg = Debug|x64
		{102E829A-30E0-36F4-946B-FEC31ED88493}.Debug|x64.Build.0 = Debug|x64
		{102E829A-30E0-36F4-946B-FEC31ED88493}.Release|x64.ActiveCfg = Release|x64
		{102E829A-30E0-36F4-946B-FEC31ED88493}.Release|x64.Build.0 = Release|x64
		{102E829A-30E0-36F4-946B-FEC31ED88493}.MinSizeRel|x64.ActiveCfg = MinSizeRel|x64
		{102E829A-30E0-36F4-946B-FEC31ED88493}.MinSizeRel|x64.Build.0 = MinSizeRel|x64
		{102E829A-30E0-36F4-946B-FEC31ED88493}.RelWithDebInfo|x64.ActiveCfg = RelWithDebInfo|x64
		{102E829A-30E0-36F4-946B-FEC31ED88493}.RelWithDebInfo|x64.Build.0 = RelWithDebInfo|x64
	EndGlobalSection
	GlobalSection(ExtensibilityGlobals) = postSolution
		SolutionGuid = {4FAA50B3-3DC1-3498-B9F6-D8E0E1A3AC8A}
	EndGlobalSection
	GlobalSection(ExtensibilityAddIns) = postSolution
	EndGlobalSection
EndGlobal
